
Microsoft Visual Studio Solution File, Format Version 12.00
# Visual Studio 15
Project("{FAE04EC0-301F-11D3-BF4B-00C04F79EFBC}") = "Assembly-CSharp", "Assembly-CSharp.csproj", "{7EB709FB-3508-F531-662D-E925EF4CF5EA}"
EndProject
Project("{FAE04EC0-301F-11D3-BF4B-00C04F79EFBC}") = "Assembly-CSharp-Editor", "Assembly-CSharp-Editor.csproj", "{F47FE51A-4966-9B4D-59D6-3238561192A3}"
EndProject
Global
	GlobalSection(SolutionConfigurationPlatforms) = preSolution
		Debug|Any CPU = Debug|Any CPU
		Release|Any CPU = Release|Any CPU
	EndGlobalSection
	GlobalSection(ProjectConfigurationPlatforms) = postSolution
		{7EB709FB-3508-F531-662D-E925EF4CF5EA}.Debug|Any CPU.ActiveCfg = Debug|Any CPU
		{7EB709FB-3508-F531-662D-E925EF4CF5EA}.Debug|Any CPU.Build.0 = Debug|Any CPU
		{7EB709FB-3508-F531-662D-E925EF4CF5EA}.Release|Any CPU.ActiveCfg = Release|Any CPU
		{7EB709FB-3508-F531-662D-E925EF4CF5EA}.Release|Any CPU.Build.0 = Release|Any CPU
		{F47FE51A-4966-9B4D-59D6-3238561192A3}.Debug|Any CPU.ActiveCfg = Debug|Any CPU
		{F47FE51A-4966-9B4D-59D6-3238561192A3}.Debug|Any CPU.Build.0 = Debug|Any CPU
		{F47FE51A-4966-9B4D-59D6-3238561192A3}.Release|Any CPU.ActiveCfg = Release|Any CPU
		{F47FE51A-4966-9B4D-59D6-3238561192A3}.Release|Any CPU.Build.0 = Release|Any CPU
	EndGlobalSection
	GlobalSection(SolutionProperties) = preSolution
		HideSolutionNode = FALSE
	EndGlobalSection
EndGlobal
